{
  "name": "MyAngularProject",
  "lockfileVersion": 3,
  "requires": true,
  "packages": {
    "": {
      "dependencies": {
        "tinymce": "^7.5.1"
      }
    },
    "node_modules/tinymce": {
      "version": "7.5.1",
      "resolved": "https://registry.npmjs.org/tinymce/-/tinymce-7.5.1.tgz",
      "integrity": "sha512-GRXJUB0BEIOUHUEC+q9IjsgWGIAQ4Tn5t5hfpB/YR7No3oPgKHG03v1d3nbov9aqdyVW7Be+UD4I3ZerQG30VQ==",
      "license": "GPL-2.0-or-later"
    }
  }
}
